
Microsoft Visual Studio Solution File, Format Version 12.00
# Visual Studio 14
VisualStudioVersion = 14.0.25420.1
MinimumVisualStudioVersion = 10.0.40219.1
Project("{FAE04EC0-301F-11D3-BF4B-00C04F79EFBC}") = "Hello World", "Hello World\Hello World.csproj", "{D824BF4B-8E99-42C3-BE8A-8F2B498BC4FA}"
EndProject
Project("{FAE04EC0-301F-11D3-BF4B-00C04F79EFBC}") = "ExercisePart2", "ExercisePart2\ExercisePart2.csproj", "{6FE4C45F-A2A9-4575-8E29-C84625EEE67F}"
EndProject
Project("{FAE04EC0-301F-11D3-BF4B-00C04F79EFBC}") = "ExercicesPart3", "ExercicesPart3\ExercicesPart3.csproj", "{2CCEECF3-6854-4269-89AA-AD01780917E6}"
EndProject
Project("{FAE04EC0-301F-11D3-BF4B-00C04F79EFBC}") = "Part4", "Part4\Part4.csproj", "{F56DEF83-F188-4CAD-A164-ED42DD6509DB}"
EndProject
Project("{FAE04EC0-301F-11D3-BF4B-00C04F79EFBC}") = "GuessTheWord", "GuessTheWord\GuessTheWord.csproj", "{6026F0B8-CBFD-4699-8685-C6640890DA4A}"
EndProject
Global
	GlobalSection(SolutionConfigurationPlatforms) = preSolution
		Debug|Any CPU = Debug|Any CPU
		Release|Any CPU = Release|Any CPU
	EndGlobalSection
	GlobalSection(ProjectConfigurationPlatforms) = postSolution
		{D824BF4B-8E99-42C3-BE8A-8F2B498BC4FA}.Debug|Any CPU.ActiveCfg = Debug|Any CPU
		{D824BF4B-8E99-42C3-BE8A-8F2B498BC4FA}.Debug|Any CPU.Build.0 = Debug|Any CPU
		{D824BF4B-8E99-42C3-BE8A-8F2B498BC4FA}.Release|Any CPU.ActiveCfg = Release|Any CPU
		{D824BF4B-8E99-42C3-BE8A-8F2B498BC4FA}.Release|Any CPU.Build.0 = Release|Any CPU
		{6FE4C45F-A2A9-4575-8E29-C84625EEE67F}.Debug|Any CPU.ActiveCfg = Debug|Any CPU
		{6FE4C45F-A2A9-4575-8E29-C84625EEE67F}.Debug|Any CPU.Build.0 = Debug|Any CPU
		{6FE4C45F-A2A9-4575-8E29-C84625EEE67F}.Release|Any CPU.ActiveCfg = Release|Any CPU
		{6FE4C45F-A2A9-4575-8E29-C84625EEE67F}.Release|Any CPU.Build.0 = Release|Any CPU
		{2CCEECF3-6854-4269-89AA-AD01780917E6}.Debug|Any CPU.ActiveCfg = Debug|Any CPU
		{2CCEECF3-6854-4269-89AA-AD01780917E6}.Debug|Any CPU.Build.0 = Debug|Any CPU
		{2CCEECF3-6854-4269-89AA-AD01780917E6}.Release|Any CPU.ActiveCfg = Release|Any CPU
		{2CCEECF3-6854-4269-89AA-AD01780917E6}.Release|Any CPU.Build.0 = Release|Any CPU
		{F56DEF83-F188-4CAD-A164-ED42DD6509DB}.Debug|Any CPU.ActiveCfg = Debug|Any CPU
		{F56DEF83-F188-4CAD-A164-ED42DD6509DB}.Debug|Any CPU.Build.0 = Debug|Any CPU
		{F56DEF83-F188-4CAD-A164-ED42DD6509DB}.Release|Any CPU.ActiveCfg = Release|Any CPU
		{F56DEF83-F188-4CAD-A164-ED42DD6509DB}.Release|Any CPU.Build.0 = Release|Any CPU
		{6026F0B8-CBFD-4699-8685-C6640890DA4A}.Debug|Any CPU.ActiveCfg = Debug|Any CPU
		{6026F0B8-CBFD-4699-8685-C6640890DA4A}.Debug|Any CPU.Build.0 = Debug|Any CPU
		{6026F0B8-CBFD-4699-8685-C6640890DA4A}.Release|Any CPU.ActiveCfg = Release|Any CPU
		{6026F0B8-CBFD-4699-8685-C6640890DA4A}.Release|Any CPU.Build.0 = Release|Any CPU
	EndGlobalSection
	GlobalSection(SolutionProperties) = preSolution
		HideSolutionNode = FALSE
	EndGlobalSection
EndGlobal
